// !$*UTF8*$!
{
	archiveVersion = 1;
	classes = {
	};
	objectVersion = 50;
	objects = {

/* Begin PBXBuildFile section */
		DF1F093126A6F39B00E23166 /* ControlCollectionViewCell.swift in Sources */ = {isa = PBXBuildFile; fileRef = DF1F093026A6F39B00E23166 /* ControlCollectionViewCell.swift */; };
		DF1F093326A735A000E23166 /* globalData.swift in Sources */ = {isa = PBXBuildFile; fileRef = DF1F093226A735A000E23166 /* globalData.swift */; };
		DF4ED35D26A89FC800CBB765 /* ContentViewController.swift in Sources */ = {isa = PBXBuildFile; fileRef = DF4ED35C26A89FC800CBB765 /* ContentViewController.swift */; };
		DF7056B626A9D89600044DB0 /* Model.xcdatamodeld in Sources */ = {isa = PBXBuildFile; fileRef = DF7056B426A9D89600044DB0 /* Model.xcdatamodeld */; };
		DF7056B926A9DA5000044DB0 /* Documentation+CoreDataClass.swift in Sources */ = {isa = PBXBuildFile; fileRef = DF7056B726A9DA5000044DB0 /* Documentation+CoreDataClass.swift */; };
		DF7056BA26A9DA5000044DB0 /* Documentation+CoreDataProperties.swift in Sources */ = {isa = PBXBuildFile; fileRef = DF7056B826A9DA5000044DB0 /* Documentation+CoreDataProperties.swift */; };
		DF7056BD26A9DAA600044DB0 /* CoreDataDocumentation.swift in Sources */ = {isa = PBXBuildFile; fileRef = DF7056BC26A9DAA600044DB0 /* CoreDataDocumentation.swift */; };
		DF7056C026A9E90600044DB0 /* Content+CoreDataClass.swift in Sources */ = {isa = PBXBuildFile; fileRef = DF7056BE26A9E90600044DB0 /* Content+CoreDataClass.swift */; };
		DF7056C126A9E90600044DB0 /* Content+CoreDataProperties.swift in Sources */ = {isa = PBXBuildFile; fileRef = DF7056BF26A9E90600044DB0 /* Content+CoreDataProperties.swift */; };
		DF7056C326A9E91300044DB0 /* CoreDataContent.swift in Sources */ = {isa = PBXBuildFile; fileRef = DF7056C226A9E91300044DB0 /* CoreDataContent.swift */; };
		DF7056C726AF544500044DB0 /* InfoViewController.swift in Sources */ = {isa = PBXBuildFile; fileRef = DF7056C626AF544500044DB0 /* InfoViewController.swift */; };
		DF7056D326B2D56F00044DB0 /* TableInfoViewController.swift in Sources */ = {isa = PBXBuildFile; fileRef = DF7056D226B2D56F00044DB0 /* TableInfoViewController.swift */; };
		DF7FEA2726A83F0E00D47382 /* PessoalViewController.swift in Sources */ = {isa = PBXBuildFile; fileRef = DF7FEA2626A83F0E00D47382 /* PessoalViewController.swift */; };
		DF7FEA2926A83FFE00D47382 /* PessoalCollectionViewCell.swift in Sources */ = {isa = PBXBuildFile; fileRef = DF7FEA2826A83FFE00D47382 /* PessoalCollectionViewCell.swift */; };
		DFA4EE9F26A75667001E7EF1 /* classStruct.swift in Sources */ = {isa = PBXBuildFile; fileRef = DFA4EE9E26A75667001E7EF1 /* classStruct.swift */; };
		DFD4ECFC26A4BA94004E46B7 /* AppDelegate.swift in Sources */ = {isa = PBXBuildFile; fileRef = DFD4ECFB26A4BA94004E46B7 /* AppDelegate.swift */; };
		DFD4ECFE26A4BA94004E46B7 /* SceneDelegate.swift in Sources */ = {isa = PBXBuildFile; fileRef = DFD4ECFD26A4BA94004E46B7 /* SceneDelegate.swift */; };
		DFD4ED0026A4BA94004E46B7 /* ViewController.swift in Sources */ = {isa = PBXBuildFile; fileRef = DFD4ECFF26A4BA94004E46B7 /* ViewController.swift */; };
		DFD4ED0326A4BA94004E46B7 /* Main.storyboard in Resources */ = {isa = PBXBuildFile; fileRef = DFD4ED0126A4BA94004E46B7 /* Main.storyboard */; };
		DFD4ED0526A4BA96004E46B7 /* Assets.xcassets in Resources */ = {isa = PBXBuildFile; fileRef = DFD4ED0426A4BA96004E46B7 /* Assets.xcassets */; };
		DFD4ED0826A4BA96004E46B7 /* LaunchScreen.storyboard in Resources */ = {isa = PBXBuildFile; fileRef = DFD4ED0626A4BA96004E46B7 /* LaunchScreen.storyboard */; };
		DFD4ED1026A4C739004E46B7 /* SwiftTableViewController.swift in Sources */ = {isa = PBXBuildFile; fileRef = DFD4ED0F26A4C739004E46B7 /* SwiftTableViewController.swift */; };
		DFD4ED3526A5C129004E46B7 /* AprenderViewController.swift in Sources */ = {isa = PBXBuildFile; fileRef = DFD4ED3426A5C129004E46B7 /* AprenderViewController.swift */; };
		DFD4ED3926A5C48D004E46B7 /* ResourceCollectionViewCell.swift in Sources */ = {isa = PBXBuildFile; fileRef = DFD4ED3826A5C48D004E46B7 /* ResourceCollectionViewCell.swift */; };
		DFD4ED3B26A5ED1E004E46B7 /* WebViewController.swift in Sources */ = {isa = PBXBuildFile; fileRef = DFD4ED3A26A5ED1E004E46B7 /* WebViewController.swift */; };
		DFD4ED3F26A60756004E46B7 /* BarCollectionViewCell.swift in Sources */ = {isa = PBXBuildFile; fileRef = DFD4ED3E26A60756004E46B7 /* BarCollectionViewCell.swift */; };
		DFD4ED4126A60DC9004E46B7 /* ViewCollectionViewCell.swift in Sources */ = {isa = PBXBuildFile; fileRef = DFD4ED4026A60DC9004E46B7 /* ViewCollectionViewCell.swift */; };
/* End PBXBuildFile section */

/* Begin PBXFileReference section */
		DF1F093026A6F39B00E23166 /* ControlCollectionViewCell.swift */ = {isa = PBXFileReference; lastKnownFileType = sourcecode.swift; path = ControlCollectionViewCell.swift; sourceTree = "<group>"; };
		DF1F093226A735A000E23166 /* globalData.swift */ = {isa = PBXFileReference; lastKnownFileType = sourcecode.swift; path = globalData.swift; sourceTree = "<group>"; };
		DF4ED35C26A89FC800CBB765 /* ContentViewController.swift */ = {isa = PBXFileReference; lastKnownFileType = sourcecode.swift; path = ContentViewController.swift; sourceTree = "<group>"; };
		DF7056B526A9D89600044DB0 /* Model.xcdatamodel */ = {isa = PBXFileReference; lastKnownFileType = wrapper.xcdatamodel; path = Model.xcdatamodel; sourceTree = "<group>"; };
		DF7056B726A9DA5000044DB0 /* Documentation+CoreDataClass.swift */ = {isa = PBXFileReference; lastKnownFileType = sourcecode.swift; path = "Documentation+CoreDataClass.swift"; sourceTree = "<group>"; };
		DF7056B826A9DA5000044DB0 /* Documentation+CoreDataProperties.swift */ = {isa = PBXFileReference; lastKnownFileType = sourcecode.swift; path = "Documentation+CoreDataProperties.swift"; sourceTree = "<group>"; };
		DF7056BC26A9DAA600044DB0 /* CoreDataDocumentation.swift */ = {isa = PBXFileReference; lastKnownFileType = sourcecode.swift; path = CoreDataDocumentation.swift; sourceTree = "<group>"; };
		DF7056BE26A9E90600044DB0 /* Content+CoreDataClass.swift */ = {isa = PBXFileReference; lastKnownFileType = sourcecode.swift; path = "Content+CoreDataClass.swift"; sourceTree = "<group>"; };
		DF7056BF26A9E90600044DB0 /* Content+CoreDataProperties.swift */ = {isa = PBXFileReference; lastKnownFileType = sourcecode.swift; path = "Content+CoreDataProperties.swift"; sourceTree = "<group>"; };
		DF7056C226A9E91300044DB0 /* CoreDataContent.swift */ = {isa = PBXFileReference; lastKnownFileType = sourcecode.swift; path = CoreDataContent.swift; sourceTree = "<group>"; };
		DF7056C626AF544500044DB0 /* InfoViewController.swift */ = {isa = PBXFileReference; lastKnownFileType = sourcecode.swift; path = InfoViewController.swift; sourceTree = "<group>"; };
		DF7056D226B2D56F00044DB0 /* TableInfoViewController.swift */ = {isa = PBXFileReference; lastKnownFileType = sourcecode.swift; path = TableInfoViewController.swift; sourceTree = "<group>"; };
		DF7FEA2626A83F0E00D47382 /* PessoalViewController.swift */ = {isa = PBXFileReference; lastKnownFileType = sourcecode.swift; path = PessoalViewController.swift; sourceTree = "<group>"; };
		DF7FEA2826A83FFE00D47382 /* PessoalCollectionViewCell.swift */ = {isa = PBXFileReference; lastKnownFileType = sourcecode.swift; path = PessoalCollectionViewCell.swift; sourceTree = "<group>"; };
		DFA4EE9E26A75667001E7EF1 /* classStruct.swift */ = {isa = PBXFileReference; lastKnownFileType = sourcecode.swift; path = classStruct.swift; sourceTree = "<group>"; };
		DFD4ECF826A4BA94004E46B7 /* My PocketUI.app */ = {isa = PBXFileReference; explicitFileType = wrapper.application; includeInIndex = 0; path = "My PocketUI.app"; sourceTree = BUILT_PRODUCTS_DIR; };
		DFD4ECFB26A4BA94004E46B7 /* AppDelegate.swift */ = {isa = PBXFileReference; lastKnownFileType = sourcecode.swift; path = AppDelegate.swift; sourceTree = "<group>"; };
		DFD4ECFD26A4BA94004E46B7 /* SceneDelegate.swift */ = {isa = PBXFileReference; lastKnownFileType = sourcecode.swift; path = SceneDelegate.swift; sourceTree = "<group>"; };
		DFD4ECFF26A4BA94004E46B7 /* ViewController.swift */ = {isa = PBXFileReference; lastKnownFileType = sourcecode.swift; path = ViewController.swift; sourceTree = "<group>"; };
		DFD4ED0226A4BA94004E46B7 /* Base */ = {isa = PBXFileReference; lastKnownFileType = file.storyboard; name = Base; path = Base.lproj/Main.storyboard; sourceTree = "<group>"; };
		DFD4ED0426A4BA96004E46B7 /* Assets.xcassets */ = {isa = PBXFileReference; lastKnownFileType = folder.assetcatalog; path = Assets.xcassets; sourceTree = "<group>"; };
		DFD4ED0726A4BA96004E46B7 /* Base */ = {isa = PBXFileReference; lastKnownFileType = file.storyboard; name = Base; path = Base.lproj/LaunchScreen.storyboard; sourceTree = "<group>"; };
		DFD4ED0926A4BA96004E46B7 /* Info.plist */ = {isa = PBXFileReference; lastKnownFileType = text.plist.xml; path = Info.plist; sourceTree = "<group>"; };
		DFD4ED0F26A4C739004E46B7 /* SwiftTableViewController.swift */ = {isa = PBXFileReference; lastKnownFileType = sourcecode.swift; path = SwiftTableViewController.swift; sourceTree = "<group>"; };
		DFD4ED3426A5C129004E46B7 /* AprenderViewController.swift */ = {isa = PBXFileReference; lastKnownFileType = sourcecode.swift; path = AprenderViewController.swift; sourceTree = "<group>"; };
		DFD4ED3826A5C48D004E46B7 /* ResourceCollectionViewCell.swift */ = {isa = PBXFileReference; lastKnownFileType = sourcecode.swift; path = ResourceCollectionViewCell.swift; sourceTree = "<group>"; };
		DFD4ED3A26A5ED1E004E46B7 /* WebViewController.swift */ = {isa = PBXFileReference; lastKnownFileType = sourcecode.swift; path = WebViewController.swift; sourceTree = "<group>"; };
		DFD4ED3E26A60756004E46B7 /* BarCollectionViewCell.swift */ = {isa = PBXFileReference; lastKnownFileType = sourcecode.swift; path = BarCollectionViewCell.swift; sourceTree = "<group>"; };
		DFD4ED4026A60DC9004E46B7 /* ViewCollectionViewCell.swift */ = {isa = PBXFileReference; lastKnownFileType = sourcecode.swift; path = ViewCollectionViewCell.swift; sourceTree = "<group>"; };
/* End PBXFileReference section */

/* Begin PBXFrameworksBuildPhase section */
		DFD4ECF526A4BA94004E46B7 /* Frameworks */ = {
			isa = PBXFrameworksBuildPhase;
			buildActionMask = 2147483647;
			files = (
			);
			runOnlyForDeploymentPostprocessing = 0;
		};
/* End PBXFrameworksBuildPhase section */

/* Begin PBXGroup section */
		DF4ED35A26A89E2300CBB765 /* Screens */ = {
			isa = PBXGroup;
			children = (
				DFD4ED3A26A5ED1E004E46B7 /* WebViewController.swift */,
				DFD4ECFF26A4BA94004E46B7 /* ViewController.swift */,
				DFD4ED0F26A4C739004E46B7 /* SwiftTableViewController.swift */,
				DFD4ED3426A5C129004E46B7 /* AprenderViewController.swift */,
				DF7FEA2626A83F0E00D47382 /* PessoalViewController.swift */,
				DF4ED35C26A89FC800CBB765 /* ContentViewController.swift */,
				DF7056C626AF544500044DB0 /* InfoViewController.swift */,
				DF7056D226B2D56F00044DB0 /* TableInfoViewController.swift */,
			);
			path = Screens;
			sourceTree = "<group>";
		};
		DF4ED35B26A89E5800CBB765 /* Cells */ = {
			isa = PBXGroup;
			children = (
				DF7FEA2826A83FFE00D47382 /* PessoalCollectionViewCell.swift */,
				DFD4ED3826A5C48D004E46B7 /* ResourceCollectionViewCell.swift */,
				DF1F093026A6F39B00E23166 /* ControlCollectionViewCell.swift */,
				DFD4ED3E26A60756004E46B7 /* BarCollectionViewCell.swift */,
				DFD4ED4026A60DC9004E46B7 /* ViewCollectionViewCell.swift */,
			);
			path = Cells;
			sourceTree = "<group>";
		};
		DF7056BB26A9DA7400044DB0 /* CoreData */ = {
			isa = PBXGroup;
			children = (
				DF7056BC26A9DAA600044DB0 /* CoreDataDocumentation.swift */,
				DF7056C226A9E91300044DB0 /* CoreDataContent.swift */,
			);
			path = CoreData;
			sourceTree = "<group>";
		};
		DFD4ECEF26A4BA94004E46B7 = {
			isa = PBXGroup;
			children = (
				DF7056BE26A9E90600044DB0 /* Content+CoreDataClass.swift */,
				DF7056BF26A9E90600044DB0 /* Content+CoreDataProperties.swift */,
				DF7056B726A9DA5000044DB0 /* Documentation+CoreDataClass.swift */,
				DF7056B826A9DA5000044DB0 /* Documentation+CoreDataProperties.swift */,
				DFD4ECFA26A4BA94004E46B7 /* My PocketUI */,
				DFD4ECF926A4BA94004E46B7 /* Products */,
			);
			sourceTree = "<group>";
		};
		DFD4ECF926A4BA94004E46B7 /* Products */ = {
			isa = PBXGroup;
			children = (
				DFD4ECF826A4BA94004E46B7 /* My PocketUI.app */,
			);
			name = Products;
			sourceTree = "<group>";
		};
		DFD4ECFA26A4BA94004E46B7 /* My PocketUI */ = {
			isa = PBXGroup;
			children = (
				DF7056BB26A9DA7400044DB0 /* CoreData */,
				DF4ED35B26A89E5800CBB765 /* Cells */,
				DF4ED35A26A89E2300CBB765 /* Screens */,
				DFD4ECFB26A4BA94004E46B7 /* AppDelegate.swift */,
				DFD4ECFD26A4BA94004E46B7 /* SceneDelegate.swift */,
				DFD4ED0126A4BA94004E46B7 /* Main.storyboard */,
				DFD4ED0426A4BA96004E46B7 /* Assets.xcassets */,
				DFD4ED0626A4BA96004E46B7 /* LaunchScreen.storyboard */,
				DFD4ED0926A4BA96004E46B7 /* Info.plist */,
				DF1F093226A735A000E23166 /* globalData.swift */,
				DFA4EE9E26A75667001E7EF1 /* classStruct.swift */,
				DF7056B426A9D89600044DB0 /* Model.xcdatamodeld */,
			);
			path = "My PocketUI";
			sourceTree = "<group>";
		};
/* End PBXGroup section */

/* Begin PBXNativeTarget section */
		DFD4ECF726A4BA94004E46B7 /* My PocketUI */ = {
			isa = PBXNativeTarget;
			buildConfigurationList = DFD4ED0C26A4BA96004E46B7 /* Build configuration list for PBXNativeTarget "My PocketUI" */;
			buildPhases = (
				DFD4ECF426A4BA94004E46B7 /* Sources */,
				DFD4ECF526A4BA94004E46B7 /* Frameworks */,
				DFD4ECF626A4BA94004E46B7 /* Resources */,
			);
			buildRules = (
			);
			dependencies = (
			);
			name = "My PocketUI";
			productName = "My PocketUI";
			productReference = DFD4ECF826A4BA94004E46B7 /* My PocketUI.app */;
			productType = "com.apple.product-type.application";
		};
/* End PBXNativeTarget section */

/* Begin PBXProject section */
		DFD4ECF026A4BA94004E46B7 /* Project object */ = {
			isa = PBXProject;
			attributes = {
				LastSwiftUpdateCheck = 1250;
				LastUpgradeCheck = 1250;
				TargetAttributes = {
					DFD4ECF726A4BA94004E46B7 = {
						CreatedOnToolsVersion = 12.5.1;
					};
				};
			};
			buildConfigurationList = DFD4ECF326A4BA94004E46B7 /* Build configuration list for PBXProject "My PocketUI" */;
			compatibilityVersion = "Xcode 9.3";
			developmentRegion = en;
			hasScannedForEncodings = 0;
			knownRegions = (
				en,
				Base,
			);
			mainGroup = DFD4ECEF26A4BA94004E46B7;
			productRefGroup = DFD4ECF926A4BA94004E46B7 /* Products */;
			projectDirPath = "";
			projectRoot = "";
			targets = (
				DFD4ECF726A4BA94004E46B7 /* My PocketUI */,
			);
		};
/* End PBXProject section */

/* Begin PBXResourcesBuildPhase section */
		DFD4ECF626A4BA94004E46B7 /* Resources */ = {
			isa = PBXResourcesBuildPhase;
			buildActionMask = 2147483647;
			files = (
				DFD4ED0826A4BA96004E46B7 /* LaunchScreen.storyboard in Resources */,
				DFD4ED0526A4BA96004E46B7 /* Assets.xcassets in Resources */,
				DFD4ED0326A4BA94004E46B7 /* Main.storyboard in Resources */,
			);
			runOnlyForDeploymentPostprocessing = 0;
		};
/* End PBXResourcesBuildPhase section */

/* Begin PBXSourcesBuildPhase section */
		DFD4ECF426A4BA94004E46B7 /* Sources */ = {
			isa = PBXSourcesBuildPhase;
			buildActionMask = 2147483647;
			files = (
				DF7056B926A9DA5000044DB0 /* Documentation+CoreDataClass.swift in Sources */,
				DF1F093126A6F39B00E23166 /* ControlCollectionViewCell.swift in Sources */,
				DFD4ED4126A60DC9004E46B7 /* ViewCollectionViewCell.swift in Sources */,
				DFA4EE9F26A75667001E7EF1 /* classStruct.swift in Sources */,
				DFD4ED3526A5C129004E46B7 /* AprenderViewController.swift in Sources */,
				DF7FEA2926A83FFE00D47382 /* PessoalCollectionViewCell.swift in Sources */,
				DF7056BA26A9DA5000044DB0 /* Documentation+CoreDataProperties.swift in Sources */,
				DF7FEA2726A83F0E00D47382 /* PessoalViewController.swift in Sources */,
				DFD4ED0026A4BA94004E46B7 /* ViewController.swift in Sources */,
				DF7056C026A9E90600044DB0 /* Content+CoreDataClass.swift in Sources */,
				DF7056BD26A9DAA600044DB0 /* CoreDataDocumentation.swift in Sources */,
				DF7056D326B2D56F00044DB0 /* TableInfoViewController.swift in Sources */,
				DF7056C126A9E90600044DB0 /* Content+CoreDataProperties.swift in Sources */,
				DFD4ED3F26A60756004E46B7 /* BarCollectionViewCell.swift in Sources */,
				DFD4ED1026A4C739004E46B7 /* SwiftTableViewController.swift in Sources */,
				DFD4ECFC26A4BA94004E46B7 /* AppDelegate.swift in Sources */,
				DF4ED35D26A89FC800CBB765 /* ContentViewController.swift in Sources */,
				DF7056C326A9E91300044DB0 /* CoreDataContent.swift in Sources */,
				DF7056B626A9D89600044DB0 /* Model.xcdatamodeld in Sources */,
				DFD4ED3B26A5ED1E004E46B7 /* WebViewController.swift in Sources */,
				DFD4ED3926A5C48D004E46B7 /* ResourceCollectionViewCell.swift in Sources */,
				DF1F093326A735A000E23166 /* globalData.swift in Sources */,
				DFD4ECFE26A4BA94004E46B7 /* SceneDelegate.swift in Sources */,
				DF7056C726AF544500044DB0 /* InfoViewController.swift in Sources */,
			);
			runOnlyForDeploymentPostprocessing = 0;
		};
/* End PBXSourcesBuildPhase section */

/* Begin PBXVariantGroup section */
		DFD4ED0126A4BA94004E46B7 /* Main.storyboard */ = {
			isa = PBXVariantGroup;
			children = (
				DFD4ED0226A4BA94004E46B7 /* Base */,
			);
			name = Main.storyboard;
			sourceTree = "<group>";
		};
		DFD4ED0626A4BA96004E46B7 /* LaunchScreen.storyboard */ = {
			isa = PBXVariantGroup;
			children = (
				DFD4ED0726A4BA96004E46B7 /* Base */,
			);
			name = LaunchScreen.storyboard;
			sourceTree = "<group>";
		};
/* End PBXVariantGroup section */

/* Begin XCBuildConfiguration section */
		DFD4ED0A26A4BA96004E46B7 /* Debug */ = {
			isa = XCBuildConfiguration;
			buildSettings = {
				ALWAYS_SEARCH_USER_PATHS = NO;
				CLANG_ANALYZER_NONNULL = YES;
				CLANG_ANALYZER_NUMBER_OBJECT_CONVERSION = YES_AGGRESSIVE;
				CLANG_CXX_LANGUAGE_STANDARD = "gnu++14";
				CLANG_CXX_LIBRARY = "libc++";
				CLANG_ENABLE_MODULES = YES;
				CLANG_ENABLE_OBJC_ARC = YES;
				CLANG_ENABLE_OBJC_WEAK = YES;
				CLANG_WARN_BLOCK_CAPTURE_AUTORELEASING = YES;
				CLANG_WARN_BOOL_CONVERSION = YES;
				CLANG_WARN_COMMA = YES;
				CLANG_WARN_CONSTANT_CONVERSION = YES;
				CLANG_WARN_DEPRECATED_OBJC_IMPLEMENTATIONS = YES;
				CLANG_WARN_DIRECT_OBJC_ISA_USAGE = YES_ERROR;
				CLANG_WARN_DOCUMENTATION_COMMENTS = YES;
				CLANG_WARN_EMPTY_BODY = YES;
				CLANG_WARN_ENUM_CONVERSION = YES;
				CLANG_WARN_INFINITE_RECURSION = YES;
				CLANG_WARN_INT_CONVERSION = YES;
				CLANG_WARN_NON_LITERAL_NULL_CONVERSION = YES;
				CLANG_WARN_OBJC_IMPLICIT_RETAIN_SELF = YES;
				CLANG_WARN_OBJC_LITERAL_CONVERSION = YES;
				CLANG_WARN_OBJC_ROOT_CLASS = YES_ERROR;
				CLANG_WARN_QUOTED_INCLUDE_IN_FRAMEWORK_HEADER = YES;
				CLANG_WARN_RANGE_LOOP_ANALYSIS = YES;
				CLANG_WARN_STRICT_PROTOTYPES = YES;
				CLANG_WARN_SUSPICIOUS_MOVE = YES;
				CLANG_WARN_UNGUARDED_AVAILABILITY = YES_AGGRESSIVE;
				CLANG_WARN_UNREACHABLE_CODE = YES;
				CLANG_WARN__DUPLICATE_METHOD_MATCH = YES;
				COPY_PHASE_STRIP = NO;
				DEBUG_INFORMATION_FORMAT = dwarf;
				ENABLE_STRICT_OBJC_MSGSEND = YES;
				ENABLE_TESTABILITY = YES;
				GCC_C_LANGUAGE_STANDARD = gnu11;
				GCC_DYNAMIC_NO_PIC = NO;
				GCC_NO_COMMON_BLOCKS = YES;
				GCC_OPTIMIZATION_LEVEL = 0;
				GCC_PREPROCESSOR_DEFINITIONS = (
					"DEBUG=1",
					"$(inherited)",
				);
				GCC_WARN_64_TO_32_BIT_CONVERSION = YES;
				GCC_WARN_ABOUT_RETURN_TYPE = YES_ERROR;
				GCC_WARN_UNDECLARED_SELECTOR = YES;
				GCC_WARN_UNINITIALIZED_AUTOS = YES_AGGRESSIVE;
				GCC_WARN_UNUSED_FUNCTION = YES;
				GCC_WARN_UNUSED_VARIABLE = YES;
				IPHONEOS_DEPLOYMENT_TARGET = 14.5;
				MTL_ENABLE_DEBUG_INFO = INCLUDE_SOURCE;
				MTL_FAST_MATH = YES;
				ONLY_ACTIVE_ARCH = YES;
				SDKROOT = iphoneos;
				SWIFT_ACTIVE_COMPILATION_CONDITIONS = DEBUG;
				SWIFT_OPTIMIZATION_LEVEL = "-Onone";
			};
			name = Debug;
		};
		DFD4ED0B26A4BA96004E46B7 /* Release */ = {
			isa = XCBuildConfiguration;
			buildSettings = {
				ALWAYS_SEARCH_USER_PATHS = NO;
				CLANG_ANALYZER_NONNULL = YES;
				CLANG_ANALYZER_NUMBER_OBJECT_CONVERSION = YES_AGGRESSIVE;
				CLANG_CXX_LANGUAGE_STANDARD = "gnu++14";
				CLANG_CXX_LIBRARY = "libc++";
				CLANG_ENABLE_MODULES = YES;
				CLANG_ENABLE_OBJC_ARC = YES;
				CLANG_ENABLE_OBJC_WEAK = YES;
				CLANG_WARN_BLOCK_CAPTURE_AUTORELEASING = YES;
				CLANG_WARN_BOOL_CONVERSION = YES;
				CLANG_WARN_COMMA = YES;
				CLANG_WARN_CONSTANT_CONVERSION = YES;
				CLANG_WARN_DEPRECATED_OBJC_IMPLEMENTATIONS = YES;
				CLANG_WARN_DIRECT_OBJC_ISA_USAGE = YES_ERROR;
				CLANG_WARN_DOCUMENTATION_COMMENTS = YES;
				CLANG_WARN_EMPTY_BODY = YES;
				CLANG_WARN_ENUM_CONVERSION = YES;
				CLANG_WARN_INFINITE_RECURSION = YES;
				CLANG_WARN_INT_CONVERSION = YES;
				CLANG_WARN_NON_LITERAL_NULL_CONVERSION = YES;
				CLANG_WARN_OBJC_IMPLICIT_RETAIN_SELF = YES;
				CLANG_WARN_OBJC_LITERAL_CONVERSION = YES;
				CLANG_WARN_OBJC_ROOT_CLASS = YES_ERROR;
				CLANG_WARN_QUOTED_INCLUDE_IN_FRAMEWORK_HEADER = YES;
				CLANG_WARN_RANGE_LOOP_ANALYSIS = YES;
				CLANG_WARN_STRICT_PROTOTYPES = YES;
				CLANG_WARN_SUSPICIOUS_MOVE = YES;
				CLANG_WARN_UNGUARDED_AVAILABILITY = YES_AGGRESSIVE;
				CLANG_WARN_UNREACHABLE_CODE = YES;
				CLANG_WARN__DUPLICATE_METHOD_MATCH = YES;
				COPY_PHASE_STRIP = NO;
				DEBUG_INFORMATION_FORMAT = "dwarf-with-dsym";
				ENABLE_NS_ASSERTIONS = NO;
				ENABLE_STRICT_OBJC_MSGSEND = YES;
				GCC_C_LANGUAGE_STANDARD = gnu11;
				GCC_NO_COMMON_BLOCKS = YES;
				GCC_WARN_64_TO_32_BIT_CONVERSION = YES;
				GCC_WARN_ABOUT_RETURN_TYPE = YES_ERROR;
				GCC_WARN_UNDECLARED_SELECTOR = YES;
				GCC_WARN_UNINITIALIZED_AUTOS = YES_AGGRESSIVE;
				GCC_WARN_UNUSED_FUNCTION = YES;
				GCC_WARN_UNUSED_VARIABLE = YES;
				IPHONEOS_DEPLOYMENT_TARGET = 14.5;
				MTL_ENABLE_DEBUG_INFO = NO;
				MTL_FAST_MATH = YES;
				SDKROOT = iphoneos;
				SWIFT_COMPILATION_MODE = wholemodule;
				SWIFT_OPTIMIZATION_LEVEL = "-O";
				VALIDATE_PRODUCT = YES;
			};
			name = Release;
		};
		DFD4ED0D26A4BA96004E46B7 /* Debug */ = {
			isa = XCBuildConfiguration;
			buildSettings = {
				ASSETCATALOG_COMPILER_APPICON_NAME = AppIcon;
				ASSETCATALOG_COMPILER_GLOBAL_ACCENT_COLOR_NAME = AccentColor;
				CODE_SIGN_STYLE = Automatic;
				CURRENT_PROJECT_VERSION = 1.2;
				DEVELOPMENT_TEAM = TX88D8XM39;
				INFOPLIST_FILE = "My PocketUI/Info.plist";
				LD_RUNPATH_SEARCH_PATHS = (
					"$(inherited)",
					"@executable_path/Frameworks",
				);
				MARKETING_VERSION = 0.1;
				PRODUCT_BUNDLE_IDENTIFIER = "lucaHummel.My-PocketUI";
				PRODUCT_NAME = "$(TARGET_NAME)";
				SWIFT_VERSION = 5.0;
				TARGETED_DEVICE_FAMILY = 1;
			};
			name = Debug;
		};
		DFD4ED0E26A4BA96004E46B7 /* Release */ = {
			isa = XCBuildConfiguration;
			buildSettings = {
				ASSETCATALOG_COMPILER_APPICON_NAME = AppIcon;
				ASSETCATALOG_COMPILER_GLOBAL_ACCENT_COLOR_NAME = AccentColor;
				CODE_SIGN_STYLE = Automatic;
				CURRENT_PROJECT_VERSION = 1.2;
				DEVELOPMENT_TEAM = TX88D8XM39;
				INFOPLIST_FILE = "My PocketUI/Info.plist";
				LD_RUNPATH_SEARCH_PATHS = (
					"$(inherited)",
					"@executable_path/Frameworks",
				);
				MARKETING_VERSION = 0.1;
				PRODUCT_BUNDLE_IDENTIFIER = "lucaHummel.My-PocketUI";
				PRODUCT_NAME = "$(TARGET_NAME)";
				SWIFT_VERSION = 5.0;
				TARGETED_DEVICE_FAMILY = 1;
			};
			name = Release;
		};
/* End XCBuildConfiguration section */

/* Begin XCConfigurationList section */
		DFD4ECF326A4BA94004E46B7 /* Build configuration list for PBXProject "My PocketUI" */ = {
			isa = XCConfigurationList;
			buildConfigurations = (
				DFD4ED0A26A4BA96004E46B7 /* Debug */,
				DFD4ED0B26A4BA96004E46B7 /* Release */,
			);
			defaultConfigurationIsVisible = 0;
			defaultConfigurationName = Release;
		};
		DFD4ED0C26A4BA96004E46B7 /* Build configuration list for PBXNativeTarget "My PocketUI" */ = {
			isa = XCConfigurationList;
			buildConfigurations = (
				DFD4ED0D26A4BA96004E46B7 /* Debug */,
				DFD4ED0E26A4BA96004E46B7 /* Release */,
			);
			defaultConfigurationIsVisible = 0;
			defaultConfigurationName = Release;
		};
/* End XCConfigurationList section */

/* Begin XCVersionGroup section */
		DF7056B426A9D89600044DB0 /* Model.xcdatamodeld */ = {
			isa = XCVersionGroup;
			children = (
				DF7056B526A9D89600044DB0 /* Model.xcdatamodel */,
			);
			currentVersion = DF7056B526A9D89600044DB0 /* Model.xcdatamodel */;
			path = Model.xcdatamodeld;
			sourceTree = "<group>";
			versionGroupType = wrapper.xcdatamodel;
		};
/* End XCVersionGroup section */
	};
	rootObject = DFD4ECF026A4BA94004E46B7 /* Project object */;
}
